
Microsoft Visual Studio Solution File, Format Version 12.00
# Visual Studio Version 16
VisualStudioVersion = 16.0.30114.105
MinimumVisualStudioVersion = 10.0.40219.1
Project("{FAE04EC0-301F-11D3-BF4B-00C04F79EFBC}") = "Client-Side Programming", "FinalProject\Client-Side Programming.csproj", "{60C0608C-6358-4EA0-9553-91C1FE1CFF41}"
EndProject
Project("{FAE04EC0-301F-11D3-BF4B-00C04F79EFBC}") = "TmsUnitTest", "TmsUnitTest\TmsUnitTest.csproj", "{6A8FF444-D89F-44AA-AEAF-7124B7486392}"
EndProject
Global
	GlobalSection(SolutionConfigurationPlatforms) = preSolution
		Debug|Any CPU = Debug|Any CPU
		Release|Any CPU = Release|Any CPU
	EndGlobalSection
	GlobalSection(ProjectConfigurationPlatforms) = postSolution
		{60C0608C-6358-4EA0-9553-91C1FE1CFF41}.Debug|Any CPU.ActiveCfg = Debug|Any CPU
		{60C0608C-6358-4EA0-9553-91C1FE1CFF41}.Debug|Any CPU.Build.0 = Debug|Any CPU
		{60C0608C-6358-4EA0-9553-91C1FE1CFF41}.Release|Any CPU.ActiveCfg = Release|Any CPU
		{60C0608C-6358-4EA0-9553-91C1FE1CFF41}.Release|Any CPU.Build.0 = Release|Any CPU
		{6A8FF444-D89F-44AA-AEAF-7124B7486392}.Debug|Any CPU.ActiveCfg = Debug|Any CPU
		{6A8FF444-D89F-44AA-AEAF-7124B7486392}.Debug|Any CPU.Build.0 = Debug|Any CPU
		{6A8FF444-D89F-44AA-AEAF-7124B7486392}.Release|Any CPU.ActiveCfg = Release|Any CPU
		{6A8FF444-D89F-44AA-AEAF-7124B7486392}.Release|Any CPU.Build.0 = Release|Any CPU
	EndGlobalSection
	GlobalSection(SolutionProperties) = preSolution
		HideSolutionNode = FALSE
	EndGlobalSection
	GlobalSection(ExtensibilityGlobals) = postSolution
		SolutionGuid = {D2BE1A8F-227B-4F10-9C9A-ABFA00C05670}
	EndGlobalSection
EndGlobal
